
Microsoft Visual Studio Solution File, Format Version 12.00
# Visual Studio Version 17
VisualStudioVersion = 17.5.002.0
MinimumVisualStudioVersion = 10.0.40219.1
Project("{9A19103F-16F7-4668-BE54-9A1E7A4F7556}") = "crud", "crud.csproj", "{A5695170-02CF-425B-99C6-5A4ECF748AEC}"
EndProject
Global
	GlobalSection(SolutionConfigurationPlatforms) = preSolution
		Debug|Any CPU = Debug|Any CPU
		Release|Any CPU = Release|Any CPU
	EndGlobalSection
	GlobalSection(ProjectConfigurationPlatforms) = postSolution
		{A5695170-02CF-425B-99C6-5A4ECF748AEC}.Debug|Any CPU.ActiveCfg = Debug|Any CPU
		{A5695170-02CF-425B-99C6-5A4ECF748AEC}.Debug|Any CPU.Build.0 = Debug|Any CPU
		{A5695170-02CF-425B-99C6-5A4ECF748AEC}.Release|Any CPU.ActiveCfg = Release|Any CPU
		{A5695170-02CF-425B-99C6-5A4ECF748AEC}.Release|Any CPU.Build.0 = Release|Any CPU
	EndGlobalSection
	GlobalSection(SolutionProperties) = preSolution
		HideSolutionNode = FALSE
	EndGlobalSection
	GlobalSection(ExtensibilityGlobals) = postSolution
		SolutionGuid = {BCF7B921-BBA0-44BA-B2FD-4033A036CCEA}
	EndGlobalSection
EndGlobal
